{
  "name": "Proyecto-mitologias-MobileFirst",
  "lockfileVersion": 3,
  "requires": true,
  "packages": {
    "": {
      "dependencies": {
        "vanilla-framework": "^4.0.0"
      }
    },
    "node_modules/vanilla-framework": {
      "version": "4.0.0",
      "resolved": "https://registry.npmjs.org/vanilla-framework/-/vanilla-framework-4.0.0.tgz",
      "integrity": "sha512-fiPnmaTUe15l5MRNJ6IsiJ8qiunfmgtLETOFltaYiE/bQKL7xTI+riBak2iygBKeF1y0Gi/GxUNt4hyb6xDPKA=="
    }
  }
}
